
Microsoft Visual Studio Solution File, Format Version 12.00
# Visual Studio Version 17
VisualStudioVersion = 17.7.34221.43
MinimumVisualStudioVersion = 10.0.40219.1
Project("{FAE04EC0-301F-11D3-BF4B-00C04F79EFBC}") = "UntilToBeDone", "UntilToBeDone\UntilToBeDone.csproj", "{61CB87E9-DFFF-42DF-9F8D-2D5ADA812705}"
EndProject
Global
	GlobalSection(SolutionConfigurationPlatforms) = preSolution
		Debug|Any CPU = Debug|Any CPU
		Release|Any CPU = Release|Any CPU
	EndGlobalSection
	GlobalSection(ProjectConfigurationPlatforms) = postSolution
		{61CB87E9-DFFF-42DF-9F8D-2D5ADA812705}.Debug|Any CPU.ActiveCfg = Debug|Any CPU
		{61CB87E9-DFFF-42DF-9F8D-2D5ADA812705}.Debug|Any CPU.Build.0 = Debug|Any CPU
		{61CB87E9-DFFF-42DF-9F8D-2D5ADA812705}.Release|Any CPU.ActiveCfg = Release|Any CPU
		{61CB87E9-DFFF-42DF-9F8D-2D5ADA812705}.Release|Any CPU.Build.0 = Release|Any CPU
	EndGlobalSection
	GlobalSection(SolutionProperties) = preSolution
		HideSolutionNode = FALSE
	EndGlobalSection
	GlobalSection(ExtensibilityGlobals) = postSolution
		SolutionGuid = {D2929057-D5F8-488C-9411-5608133F0304}
	EndGlobalSection
EndGlobal
